Microsoft Visual Studio Solution File, Format Version 12.00
# Visual Studio 2013
VisualStudioVersion = 4
MinimumVisualStudioVersion = 4
Project("{FAE04EC0-301F-11D3-BF4B-00C04F79EFBC}") = "EmptyProject_Managed", "Projects\EmptyProject\Source\Managed\EmptyProject_Managed.csproj", "{8BC92410-939C-4C19-B6B8-1A9ADFF54A3C}"
EndProject
Project("{FAE04EC0-301F-11D3-BF4B-00C04F79EFBC}") = "ManagedCore", "Engine\Source\ManagedCore\ManagedCore.csproj", "{80F18900-C421-4B35-8336-629BEF9EE30A}"
EndProject
Project("{FAE04EC0-301F-11D3-BF4B-00C04F79EFBC}") = "ManagedModule", "Modules\ManagedModule\ManagedModule.csproj", "{0FA12249-12D9-48FE-900B-EBD6991E790D}"
EndProject
Project("{2150E333-8FDC-42A3-9474-1A3956D46DE8}") = "Engine", "Engine", "{C4D6786B-D4CE-49B5-88FC-205420EAFC2D}"
EndProject
Project("{2150E333-8FDC-42A3-9474-1A3956D46DE8}") = "Modules", "Modules", "{58F655C4-3974-4975-88F9-F09281498445}"
EndProject
Project("{2150E333-8FDC-42A3-9474-1A3956D46DE8}") = "Projects", "Projects", "{267E1C3F-328E-4EAC-A3A1-8819D5DAB612}"
EndProject
Project("{2150E333-8FDC-42A3-9474-1A3956D46DE8}") = "EmptyProject", "EmptyProject", "{1BC4C220-C2ED-46DD-9A0C-9FD309064561}"
EndProject
Global
	GlobalSection(SolutionConfigurationPlatforms) = preSolution
		Debug|Win32 = Debug|Win32
		MinSizeRel|Win32 = MinSizeRel|Win32
		Release|Win32 = Release|Win32
		RelWithDebInfo|Win32 = RelWithDebInfo|Win32
	EndGlobalSection
	GlobalSection(ProjectConfigurationPlatforms) = postSolution
		{8BC92410-939C-4C19-B6B8-1A9ADFF54A3C}.Debug|Win32.ActiveCfg = Debug|Any CPU
		{8BC92410-939C-4C19-B6B8-1A9ADFF54A3C}.Debug|Win32.Build.0 = Debug|Any CPU
		{8BC92410-939C-4C19-B6B8-1A9ADFF54A3C}.MinSizeRel|Win32.ActiveCfg = Release|Any CPU
		{8BC92410-939C-4C19-B6B8-1A9ADFF54A3C}.Release|Win32.ActiveCfg = Release|Any CPU
		{8BC92410-939C-4C19-B6B8-1A9ADFF54A3C}.Release|Win32.Build.0 = Release|Any CPU
		{8BC92410-939C-4C19-B6B8-1A9ADFF54A3C}.RelWithDebInfo|Win32.ActiveCfg = Release|Any CPU
		{80F18900-C421-4B35-8336-629BEF9EE30A}.Debug|Win32.ActiveCfg = Debug|Any CPU
		{80F18900-C421-4B35-8336-629BEF9EE30A}.Debug|Win32.Build.0 = Debug|Any CPU
		{80F18900-C421-4B35-8336-629BEF9EE30A}.MinSizeRel|Win32.ActiveCfg = Release|Any CPU
		{80F18900-C421-4B35-8336-629BEF9EE30A}.Release|Win32.ActiveCfg = Release|Any CPU
		{80F18900-C421-4B35-8336-629BEF9EE30A}.Release|Win32.Build.0 = Release|Any CPU
		{80F18900-C421-4B35-8336-629BEF9EE30A}.RelWithDebInfo|Win32.ActiveCfg = Release|Any CPU
		{0FA12249-12D9-48FE-900B-EBD6991E790D}.Debug|Win32.ActiveCfg = Debug|Any CPU
		{0FA12249-12D9-48FE-900B-EBD6991E790D}.Debug|Win32.Build.0 = Debug|Any CPU
		{0FA12249-12D9-48FE-900B-EBD6991E790D}.MinSizeRel|Win32.ActiveCfg = Release|Any CPU
		{0FA12249-12D9-48FE-900B-EBD6991E790D}.Release|Win32.ActiveCfg = Release|Any CPU
		{0FA12249-12D9-48FE-900B-EBD6991E790D}.Release|Win32.Build.0 = Release|Any CPU
		{0FA12249-12D9-48FE-900B-EBD6991E790D}.RelWithDebInfo|Win32.ActiveCfg = Release|Any CPU
	EndGlobalSection
	GlobalSection(SolutionProperties) = preSolution
		HideSolutionNode = FALSE
	EndGlobalSection
	GlobalSection(NestedProjects) = preSolution
		{8BC92410-939C-4C19-B6B8-1A9ADFF54A3C} = {1BC4C220-C2ED-46DD-9A0C-9FD309064561}
		{80F18900-C421-4B35-8336-629BEF9EE30A} = {C4D6786B-D4CE-49B5-88FC-205420EAFC2D}
		{0FA12249-12D9-48FE-900B-EBD6991E790D} = {58F655C4-3974-4975-88F9-F09281498445}
		{1BC4C220-C2ED-46DD-9A0C-9FD309064561} = {267E1C3F-328E-4EAC-A3A1-8819D5DAB612}
	EndGlobalSection
EndGlobal
